// !$*UTF8*$!
{
	archiveVersion = 1;
	classes = {
	};
	objectVersion = 56;
	objects = {

/* Begin PBXBuildFile section */
		F97C79FE29AFA562005F0086 /* test_apppppApp.swift in Sources */ = {isa = PBXBuildFile; fileRef = F97C79FD29AFA562005F0086 /* test_apppppApp.swift */; };
		F97C7A0029AFA562005F0086 /* ContentView.swift in Sources */ = {isa = PBXBuildFile; fileRef = F97C79FF29AFA562005F0086 /* ContentView.swift */; };
		F97C7A0229AFA566005F0086 /* Assets.xcassets in Resources */ = {isa = PBXBuildFile; fileRef = F97C7A0129AFA566005F0086 /* Assets.xcassets */; };
		F97C7A0529AFA566005F0086 /* Preview Assets.xcassets in Resources */ = {isa = PBXBuildFile; fileRef = F97C7A0429AFA566005F0086 /* Preview Assets.xcassets */; };
		F97C7A0F29AFA566005F0086 /* test_apppppTests.swift in Sources */ = {isa = PBXBuildFile; fileRef = F97C7A0E29AFA566005F0086 /* test_apppppTests.swift */; };
		F97C7A1929AFA566005F0086 /* test_apppppUITests.swift in Sources */ = {isa = PBXBuildFile; fileRef = F97C7A1829AFA566005F0086 /* test_apppppUITests.swift */; };
		F97C7A1B29AFA566005F0086 /* test_apppppUITestsLaunchTests.swift in Sources */ = {isa = PBXBuildFile; fileRef = F97C7A1A29AFA566005F0086 /* test_apppppUITestsLaunchTests.swift */; };
/* End PBXBuildFile section */

/* Begin PBXContainerItemProxy section */
		F97C7A0B29AFA566005F0086 /* PBXContainerItemProxy */ = {
			isa = PBXContainerItemProxy;
			containerPortal = F97C79F229AFA561005F0086 /* Project object */;
			proxyType = 1;
			remoteGlobalIDString = F97C79F929AFA562005F0086;
			remoteInfo = "test appppp";
		};
		F97C7A1529AFA566005F0086 /* PBXContainerItemProxy */ = {
			isa = PBXContainerItemProxy;
			containerPortal = F97C79F229AFA561005F0086 /* Project object */;
			proxyType = 1;
			remoteGlobalIDString = F97C79F929AFA562005F0086;
			remoteInfo = "test appppp";
		};
/* End PBXContainerItemProxy section */

/* Begin PBXFileReference section */
		F97C79FA29AFA562005F0086 /* test appppp.app */ = {isa = PBXFileReference; explicitFileType = wrapper.application; includeInIndex = 0; path = "test appppp.app"; sourceTree = BUILT_PRODUCTS_DIR; };
		F97C79FD29AFA562005F0086 /* test_apppppApp.swift */ = {isa = PBXFileReference; lastKnownFileType = sourcecode.swift; path = test_apppppApp.swift; sourceTree = "<group>"; };
		F97C79FF29AFA562005F0086 /* ContentView.swift */ = {isa = PBXFileReference; lastKnownFileType = sourcecode.swift; path = ContentView.swift; sourceTree = "<group>"; };
		F97C7A0129AFA566005F0086 /* Assets.xcassets */ = {isa = PBXFileReference; lastKnownFileType = folder.assetcatalog; path = Assets.xcassets; sourceTree = "<group>"; };
		F97C7A0429AFA566005F0086 /* Preview Assets.xcassets */ = {isa = PBXFileReference; lastKnownFileType = folder.assetcatalog; path = "Preview Assets.xcassets"; sourceTree = "<group>"; };
		F97C7A0A29AFA566005F0086 /* test apppppTests.xctest */ = {isa = PBXFileReference; explicitFileType = wrapper.cfbundle; includeInIndex = 0; path = "test apppppTests.xctest"; sourceTree = BUILT_PRODUCTS_DIR; };
		F97C7A0E29AFA566005F0086 /* test_apppppTests.swift */ = {isa = PBXFileReference; lastKnownFileType = sourcecode.swift; path = test_apppppTests.swift; sourceTree = "<group>"; };
		F97C7A1429AFA566005F0086 /* test apppppUITests.xctest */ = {isa = PBXFileReference; explicitFileType = wrapper.cfbundle; includeInIndex = 0; path = "test apppppUITests.xctest"; sourceTree = BUILT_PRODUCTS_DIR; };
		F97C7A1829AFA566005F0086 /* test_apppppUITests.swift */ = {isa = PBXFileReference; lastKnownFileType = sourcecode.swift; path = test_apppppUITests.swift; sourceTree = "<group>"; };
		F97C7A1A29AFA566005F0086 /* test_apppppUITestsLaunchTests.swift */ = {isa = PBXFileReference; lastKnownFileType = sourcecode.swift; path = test_apppppUITestsLaunchTests.swift; sourceTree = "<group>"; };
/* End PBXFileReference section */

/* Begin PBXFrameworksBuildPhase section */
		F97C79F729AFA562005F0086 /* Frameworks */ = {
			isa = PBXFrameworksBuildPhase;
			buildActionMask = 2147483647;
			files = (
			);
			runOnlyForDeploymentPostprocessing = 0;
		};
		F97C7A0729AFA566005F0086 /* Frameworks */ = {
			isa = PBXFrameworksBuildPhase;
			buildActionMask = 2147483647;
			files = (
			);
			runOnlyForDeploymentPostprocessing = 0;
		};
		F97C7A1129AFA566005F0086 /* Frameworks */ = {
			isa = PBXFrameworksBuildPhase;
			buildActionMask = 2147483647;
			files = (
			);
			runOnlyForDeploymentPostprocessing = 0;
		};
/* End PBXFrameworksBuildPhase section */

/* Begin PBXGroup section */
		F97C79F129AFA561005F0086 = {
			isa = PBXGroup;
			children = (
				F97C79FC29AFA562005F0086 /* test appppp */,
				F97C7A0D29AFA566005F0086 /* test apppppTests */,
				F97C7A1729AFA566005F0086 /* test apppppUITests */,
				F97C79FB29AFA562005F0086 /* Products */,
			);
			sourceTree = "<group>";
		};
		F97C79FB29AFA562005F0086 /* Products */ = {
			isa = PBXGroup;
			children = (
				F97C79FA29AFA562005F0086 /* test appppp.app */,
				F97C7A0A29AFA566005F0086 /* test apppppTests.xctest */,
				F97C7A1429AFA566005F0086 /* test apppppUITests.xctest */,
			);
			name = Products;
			sourceTree = "<group>";
		};
		F97C79FC29AFA562005F0086 /* test appppp */ = {
			isa = PBXGroup;
			children = (
				F97C79FD29AFA562005F0086 /* test_apppppApp.swift */,
				F97C79FF29AFA562005F0086 /* ContentView.swift */,
				F97C7A0129AFA566005F0086 /* Assets.xcassets */,
				F97C7A0329AFA566005F0086 /* Preview Content */,
			);
			path = "test appppp";
			sourceTree = "<group>";
		};
		F97C7A0329AFA566005F0086 /* Preview Content */ = {
			isa = PBXGroup;
			children = (
				F97C7A0429AFA566005F0086 /* Preview Assets.xcassets */,
			);
			path = "Preview Content";
			sourceTree = "<group>";
		};
		F97C7A0D29AFA566005F0086 /* test apppppTests */ = {
			isa = PBXGroup;
			children = (
				F97C7A0E29AFA566005F0086 /* test_apppppTests.swift */,
			);
			path = "test apppppTests";
			sourceTree = "<group>";
		};
		F97C7A1729AFA566005F0086 /* test apppppUITests */ = {
			isa = PBXGroup;
			children = (
				F97C7A1829AFA566005F0086 /* test_apppppUITests.swift */,
				F97C7A1A29AFA566005F0086 /* test_apppppUITestsLaunchTests.swift */,
			);
			path = "test apppppUITests";
			sourceTree = "<group>";
		};
/* End PBXGroup section */

/* Begin PBXNativeTarget section */
		F97C79F929AFA562005F0086 /* test appppp */ = {
			isa = PBXNativeTarget;
			buildConfigurationList = F97C7A1E29AFA566005F0086 /* Build configuration list for PBXNativeTarget "test appppp" */;
			buildPhases = (
				F97C79F629AFA562005F0086 /* Sources */,
				F97C79F729AFA562005F0086 /* Frameworks */,
				F97C79F829AFA562005F0086 /* Resources */,
			);
			buildRules = (
			);
			dependencies = (
			);
			name = "test appppp";
			productName = "test appppp";
			productReference = F97C79FA29AFA562005F0086 /* test appppp.app */;
			productType = "com.apple.product-type.application";
		};
		F97C7A0929AFA566005F0086 /* test apppppTests */ = {
			isa = PBXNativeTarget;
			buildConfigurationList = F97C7A2129AFA566005F0086 /* Build configuration list for PBXNativeTarget "test apppppTests" */;
			buildPhases = (
				F97C7A0629AFA566005F0086 /* Sources */,
				F97C7A0729AFA566005F0086 /* Frameworks */,
				F97C7A0829AFA566005F0086 /* Resources */,
			);
			buildRules = (
			);
			dependencies = (
				F97C7A0C29AFA566005F0086 /* PBXTargetDependency */,
			);
			name = "test apppppTests";
			productName = "test apppppTests";
			productReference = F97C7A0A29AFA566005F0086 /* test apppppTests.xctest */;
			productType = "com.apple.product-type.bundle.unit-test";
		};
		F97C7A1329AFA566005F0086 /* test apppppUITests */ = {
			isa = PBXNativeTarget;
			buildConfigurationList = F97C7A2429AFA566005F0086 /* Build configuration list for PBXNativeTarget "test apppppUITests" */;
			buildPhases = (
				F97C7A1029AFA566005F0086 /* Sources */,
				F97C7A1129AFA566005F0086 /* Frameworks */,
				F97C7A1229AFA566005F0086 /* Resources */,
			);
			buildRules = (
			);
			dependencies = (
				F97C7A1629AFA566005F0086 /* PBXTargetDependency */,
			);
			name = "test apppppUITests";
			productName = "test apppppUITests";
			productReference = F97C7A1429AFA566005F0086 /* test apppppUITests.xctest */;
			productType = "com.apple.product-type.bundle.ui-testing";
		};
/* End PBXNativeTarget section */

/* Begin PBXProject section */
		F97C79F229AFA561005F0086 /* Project object */ = {
			isa = PBXProject;
			attributes = {
				BuildIndependentTargetsInParallel = 1;
				LastSwiftUpdateCheck = 1420;
				LastUpgradeCheck = 1420;
				TargetAttributes = {
					F97C79F929AFA562005F0086 = {
						CreatedOnToolsVersion = 14.2;
					};
					F97C7A0929AFA566005F0086 = {
						CreatedOnToolsVersion = 14.2;
						TestTargetID = F97C79F929AFA562005F0086;
					};
					F97C7A1329AFA566005F0086 = {
						CreatedOnToolsVersion = 14.2;
						TestTargetID = F97C79F929AFA562005F0086;
					};
				};
			};
			buildConfigurationList = F97C79F529AFA561005F0086 /* Build configuration list for PBXProject "test appppp" */;
			compatibilityVersion = "Xcode 14.0";
			developmentRegion = en;
			hasScannedForEncodings = 0;
			knownRegions = (
				en,
				Base,
			);
			mainGroup = F97C79F129AFA561005F0086;
			productRefGroup = F97C79FB29AFA562005F0086 /* Products */;
			projectDirPath = "";
			projectRoot = "";
			targets = (
				F97C79F929AFA562005F0086 /* test appppp */,
				F97C7A0929AFA566005F0086 /* test apppppTests */,
				F97C7A1329AFA566005F0086 /* test apppppUITests */,
			);
		};
/* End PBXProject section */

/* Begin PBXResourcesBuildPhase section */
		F97C79F829AFA562005F0086 /* Resources */ = {
			isa = PBXResourcesBuildPhase;
			buildActionMask = 2147483647;
			files = (
				F97C7A0529AFA566005F0086 /* Preview Assets.xcassets in Resources */,
				F97C7A0229AFA566005F0086 /* Assets.xcassets in Resources */,
			);
			runOnlyForDeploymentPostprocessing = 0;
		};
		F97C7A0829AFA566005F0086 /* Resources */ = {
			isa = PBXResourcesBuildPhase;
			buildActionMask = 2147483647;
			files = (
			);
			runOnlyForDeploymentPostprocessing = 0;
		};
		F97C7A1229AFA566005F0086 /* Resources */ = {
			isa = PBXResourcesBuildPhase;
			buildActionMask = 2147483647;
			files = (
			);
			runOnlyForDeploymentPostprocessing = 0;
		};
/* End PBXResourcesBuildPhase section */

/* Begin PBXSourcesBuildPhase section */
		F97C79F629AFA562005F0086 /* Sources */ = {
			isa = PBXSourcesBuildPhase;
			buildActionMask = 2147483647;
			files = (
				F97C7A0029AFA562005F0086 /* ContentView.swift in Sources */,
				F97C79FE29AFA562005F0086 /* test_apppppApp.swift in Sources */,
			);
			runOnlyForDeploymentPostprocessing = 0;
		};
		F97C7A0629AFA566005F0086 /* Sources */ = {
			isa = PBXSourcesBuildPhase;
			buildActionMask = 2147483647;
			files = (
				F97C7A0F29AFA566005F0086 /* test_apppppTests.swift in Sources */,
			);
			runOnlyForDeploymentPostprocessing = 0;
		};
		F97C7A1029AFA566005F0086 /* Sources */ = {
			isa = PBXSourcesBuildPhase;
			buildActionMask = 2147483647;
			files = (
				F97C7A1929AFA566005F0086 /* test_apppppUITests.swift in Sources */,
				F97C7A1B29AFA566005F0086 /* test_apppppUITestsLaunchTests.swift in Sources */,
			);
			runOnlyForDeploymentPostprocessing = 0;
		};
/* End PBXSourcesBuildPhase section */

/* Begin PBXTargetDependency section */
		F97C7A0C29AFA566005F0086 /* PBXTargetDependency */ = {
			isa = PBXTargetDependency;
			target = F97C79F929AFA562005F0086 /* test appppp */;
			targetProxy = F97C7A0B29AFA566005F0086 /* PBXContainerItemProxy */;
		};
		F97C7A1629AFA566005F0086 /* PBXTargetDependency */ = {
			isa = PBXTargetDependency;
			target = F97C79F929AFA562005F0086 /* test appppp */;
			targetProxy = F97C7A1529AFA566005F0086 /* PBXContainerItemProxy */;
		};
/* End PBXTargetDependency section */

/* Begin XCBuildConfiguration section */
		F97C7A1C29AFA566005F0086 /* Debug */ = {
			isa = XCBuildConfiguration;
			buildSettings = {
				ALWAYS_SEARCH_USER_PATHS = NO;
				CLANG_ANALYZER_NONNULL = YES;
				CLANG_ANALYZER_NUMBER_OBJECT_CONVERSION = YES_AGGRESSIVE;
				CLANG_CXX_LANGUAGE_STANDARD = "gnu++20";
				CLANG_ENABLE_MODULES = YES;
				CLANG_ENABLE_OBJC_ARC = YES;
				CLANG_ENABLE_OBJC_WEAK = YES;
				CLANG_WARN_BLOCK_CAPTURE_AUTORELEASING = YES;
				CLANG_WARN_BOOL_CONVERSION = YES;
				CLANG_WARN_COMMA = YES;
				CLANG_WARN_CONSTANT_CONVERSION = YES;
				CLANG_WARN_DEPRECATED_OBJC_IMPLEMENTATIONS = YES;
				CLANG_WARN_DIRECT_OBJC_ISA_USAGE = YES_ERROR;
				CLANG_WARN_DOCUMENTATION_COMMENTS = YES;
				CLANG_WARN_EMPTY_BODY = YES;
				CLANG_WARN_ENUM_CONVERSION = YES;
				CLANG_WARN_INFINITE_RECURSION = YES;
				CLANG_WARN_INT_CONVERSION = YES;
				CLANG_WARN_NON_LITERAL_NULL_CONVERSION = YES;
				CLANG_WARN_OBJC_IMPLICIT_RETAIN_SELF = YES;
				CLANG_WARN_OBJC_LITERAL_CONVERSION = YES;
				CLANG_WARN_OBJC_ROOT_CLASS = YES_ERROR;
				CLANG_WARN_QUOTED_INCLUDE_IN_FRAMEWORK_HEADER = YES;
				CLANG_WARN_RANGE_LOOP_ANALYSIS = YES;
				CLANG_WARN_STRICT_PROTOTYPES = YES;
				CLANG_WARN_SUSPICIOUS_MOVE = YES;
				CLANG_WARN_UNGUARDED_AVAILABILITY = YES_AGGRESSIVE;
				CLANG_WARN_UNREACHABLE_CODE = YES;
				CLANG_WARN__DUPLICATE_METHOD_MATCH = YES;
				COPY_PHASE_STRIP = NO;
				DEBUG_INFORMATION_FORMAT = dwarf;
				ENABLE_STRICT_OBJC_MSGSEND = YES;
				ENABLE_TESTABILITY = YES;
				GCC_C_LANGUAGE_STANDARD = gnu11;
				GCC_DYNAMIC_NO_PIC = NO;
				GCC_NO_COMMON_BLOCKS = YES;
				GCC_OPTIMIZATION_LEVEL = 0;
				GCC_PREPROCESSOR_DEFINITIONS = (
					"DEBUG=1",
					"$(inherited)",
				);
				GCC_WARN_64_TO_32_BIT_CONVERSION = YES;
				GCC_WARN_ABOUT_RETURN_TYPE = YES_ERROR;
				GCC_WARN_UNDECLARED_SELECTOR = YES;
				GCC_WARN_UNINITIALIZED_AUTOS = YES_AGGRESSIVE;
				GCC_WARN_UNUSED_FUNCTION = YES;
				GCC_WARN_UNUSED_VARIABLE = YES;
				IPHONEOS_DEPLOYMENT_TARGET = 16.2;
				MTL_ENABLE_DEBUG_INFO = INCLUDE_SOURCE;
				MTL_FAST_MATH = YES;
				ONLY_ACTIVE_ARCH = YES;
				SDKROOT = iphoneos;
				SWIFT_ACTIVE_COMPILATION_CONDITIONS = DEBUG;
				SWIFT_OPTIMIZATION_LEVEL = "-Onone";
			};
			name = Debug;
		};
		F97C7A1D29AFA566005F0086 /* Release */ = {
			isa = XCBuildConfiguration;
			buildSettings = {
				ALWAYS_SEARCH_USER_PATHS = NO;
				CLANG_ANALYZER_NONNULL = YES;
				CLANG_ANALYZER_NUMBER_OBJECT_CONVERSION = YES_AGGRESSIVE;
				CLANG_CXX_LANGUAGE_STANDARD = "gnu++20";
				CLANG_ENABLE_MODULES = YES;
				CLANG_ENABLE_OBJC_ARC = YES;
				CLANG_ENABLE_OBJC_WEAK = YES;
				CLANG_WARN_BLOCK_CAPTURE_AUTORELEASING = YES;
				CLANG_WARN_BOOL_CONVERSION = YES;
				CLANG_WARN_COMMA = YES;
				CLANG_WARN_CONSTANT_CONVERSION = YES;
				CLANG_WARN_DEPRECATED_OBJC_IMPLEMENTATIONS = YES;
				CLANG_WARN_DIRECT_OBJC_ISA_USAGE = YES_ERROR;
				CLANG_WARN_DOCUMENTATION_COMMENTS = YES;
				CLANG_WARN_EMPTY_BODY = YES;
				CLANG_WARN_ENUM_CONVERSION = YES;
				CLANG_WARN_INFINITE_RECURSION = YES;
				CLANG_WARN_INT_CONVERSION = YES;
				CLANG_WARN_NON_LITERAL_NULL_CONVERSION = YES;
				CLANG_WARN_OBJC_IMPLICIT_RETAIN_SELF = YES;
				CLANG_WARN_OBJC_LITERAL_CONVERSION = YES;
				CLANG_WARN_OBJC_ROOT_CLASS = YES_ERROR;
				CLANG_WARN_QUOTED_INCLUDE_IN_FRAMEWORK_HEADER = YES;
				CLANG_WARN_RANGE_LOOP_ANALYSIS = YES;
				CLANG_WARN_STRICT_PROTOTYPES = YES;
				CLANG_WARN_SUSPICIOUS_MOVE = YES;
				CLANG_WARN_UNGUARDED_AVAILABILITY = YES_AGGRESSIVE;
				CLANG_WARN_UNREACHABLE_CODE = YES;
				CLANG_WARN__DUPLICATE_METHOD_MATCH = YES;
				COPY_PHASE_STRIP = NO;
				DEBUG_INFORMATION_FORMAT = "dwarf-with-dsym";
				ENABLE_NS_ASSERTIONS = NO;
				ENABLE_STRICT_OBJC_MSGSEND = YES;
				GCC_C_LANGUAGE_STANDARD = gnu11;
				GCC_NO_COMMON_BLOCKS = YES;
				GCC_WARN_64_TO_32_BIT_CONVERSION = YES;
				GCC_WARN_ABOUT_RETURN_TYPE = YES_ERROR;
				GCC_WARN_UNDECLARED_SELECTOR = YES;
				GCC_WARN_UNINITIALIZED_AUTOS = YES_AGGRESSIVE;
				GCC_WARN_UNUSED_FUNCTION = YES;
				GCC_WARN_UNUSED_VARIABLE = YES;
				IPHONEOS_DEPLOYMENT_TARGET = 16.2;
				MTL_ENABLE_DEBUG_INFO = NO;
				MTL_FAST_MATH = YES;
				SDKROOT = iphoneos;
				SWIFT_COMPILATION_MODE = wholemodule;
				SWIFT_OPTIMIZATION_LEVEL = "-O";
				VALIDATE_PRODUCT = YES;
			};
			name = Release;
		};
		F97C7A1F29AFA566005F0086 /* Debug */ = {
			isa = XCBuildConfiguration;
			buildSettings = {
				ASSETCATALOG_COMPILER_APPICON_NAME = AppIcon;
				ASSETCATALOG_COMPILER_GLOBAL_ACCENT_COLOR_NAME = AccentColor;
				CODE_SIGN_STYLE = Automatic;
				CURRENT_PROJECT_VERSION = 1;
				DEVELOPMENT_ASSET_PATHS = "\"test appppp/Preview Content\"";
				ENABLE_PREVIEWS = YES;
				GENERATE_INFOPLIST_FILE = YES;
				INFOPLIST_KEY_UIApplicationSceneManifest_Generation = YES;
				INFOPLIST_KEY_UIApplicationSupportsIndirectInputEvents = YES;
				INFOPLIST_KEY_UILaunchScreen_Generation = YES;
				INFOPLIST_KEY_UISupportedInterfaceOrientations_iPad = "UIInterfaceOrientationPortrait UIInterfaceOrientationPortraitUpsideDown UIInterfaceOrientationLandscapeLeft UIInterfaceOrientationLandscapeRight";
				INFOPLIST_KEY_UISupportedInterfaceOrientations_iPhone = "UIInterfaceOrientationPortrait UIInterfaceOrientationLandscapeLeft UIInterfaceOrientationLandscapeRight";
				LD_RUNPATH_SEARCH_PATHS = (
					"$(inherited)",
					"@executable_path/Frameworks",
				);
				MARKETING_VERSION = 1.0;
				PRODUCT_BUNDLE_IDENTIFIER = "TRLQ.test-appppp";
				PRODUCT_NAME = "$(TARGET_NAME)";
				SWIFT_EMIT_LOC_STRINGS = YES;
				SWIFT_VERSION = 5.0;
				TARGETED_DEVICE_FAMILY = "1,2";
			};
			name = Debug;
		};
		F97C7A2029AFA566005F0086 /* Release */ = {
			isa = XCBuildConfiguration;
			buildSettings = {
				ASSETCATALOG_COMPILER_APPICON_NAME = AppIcon;
				ASSETCATALOG_COMPILER_GLOBAL_ACCENT_COLOR_NAME = AccentColor;
				CODE_SIGN_STYLE = Automatic;
				CURRENT_PROJECT_VERSION = 1;
				DEVELOPMENT_ASSET_PATHS = "\"test appppp/Preview Content\"";
				ENABLE_PREVIEWS = YES;
				GENERATE_INFOPLIST_FILE = YES;
				INFOPLIST_KEY_UIApplicationSceneManifest_Generation = YES;
				INFOPLIST_KEY_UIApplicationSupportsIndirectInputEvents = YES;
				INFOPLIST_KEY_UILaunchScreen_Generation = YES;
				INFOPLIST_KEY_UISupportedInterfaceOrientations_iPad = "UIInterfaceOrientationPortrait UIInterfaceOrientationPortraitUpsideDown UIInterfaceOrientationLandscapeLeft UIInterfaceOrientationLandscapeRight";
				INFOPLIST_KEY_UISupportedInterfaceOrientations_iPhone = "UIInterfaceOrientationPortrait UIInterfaceOrientationLandscapeLeft UIInterfaceOrientationLandscapeRight";
				LD_RUNPATH_SEARCH_PATHS = (
					"$(inherited)",
					"@executable_path/Frameworks",
				);
				MARKETING_VERSION = 1.0;
				PRODUCT_BUNDLE_IDENTIFIER = "TRLQ.test-appppp";
				PRODUCT_NAME = "$(TARGET_NAME)";
				SWIFT_EMIT_LOC_STRINGS = YES;
				SWIFT_VERSION = 5.0;
				TARGETED_DEVICE_FAMILY = "1,2";
			};
			name = Release;
		};
		F97C7A2229AFA566005F0086 /* Debug */ = {
			isa = XCBuildConfiguration;
			buildSettings = {
				ALWAYS_EMBED_SWIFT_STANDARD_LIBRARIES = YES;
				BUNDLE_LOADER = "$(TEST_HOST)";
				CODE_SIGN_STYLE = Automatic;
				CURRENT_PROJECT_VERSION = 1;
				GENERATE_INFOPLIST_FILE = YES;
				IPHONEOS_DEPLOYMENT_TARGET = 16.2;
				MARKETING_VERSION = 1.0;
				PRODUCT_BUNDLE_IDENTIFIER = "TRLQ.test-apppppTests";
				PRODUCT_NAME = "$(TARGET_NAME)";
				SWIFT_EMIT_LOC_STRINGS = NO;
				SWIFT_VERSION = 5.0;
				TARGETED_DEVICE_FAMILY = "1,2";
				TEST_HOST = "$(BUILT_PRODUCTS_DIR)/test appppp.app/$(BUNDLE_EXECUTABLE_FOLDER_PATH)/test appppp";
			};
			name = Debug;
		};
		F97C7A2329AFA566005F0086 /* Release */ = {
			isa = XCBuildConfiguration;
			buildSettings = {
				ALWAYS_EMBED_SWIFT_STANDARD_LIBRARIES = YES;
				BUNDLE_LOADER = "$(TEST_HOST)";
				CODE_SIGN_STYLE = Automatic;
				CURRENT_PROJECT_VERSION = 1;
				GENERATE_INFOPLIST_FILE = YES;
				IPHONEOS_DEPLOYMENT_TARGET = 16.2;
				MARKETING_VERSION = 1.0;
				PRODUCT_BUNDLE_IDENTIFIER = "TRLQ.test-apppppTests";
				PRODUCT_NAME = "$(TARGET_NAME)";
				SWIFT_EMIT_LOC_STRINGS = NO;
				SWIFT_VERSION = 5.0;
				TARGETED_DEVICE_FAMILY = "1,2";
				TEST_HOST = "$(BUILT_PRODUCTS_DIR)/test appppp.app/$(BUNDLE_EXECUTABLE_FOLDER_PATH)/test appppp";
			};
			name = Release;
		};
		F97C7A2529AFA566005F0086 /* Debug */ = {
			isa = XCBuildConfiguration;
			buildSettings = {
				ALWAYS_EMBED_SWIFT_STANDARD_LIBRARIES = YES;
				CODE_SIGN_STYLE = Automatic;
				CURRENT_PROJECT_VERSION = 1;
				GENERATE_INFOPLIST_FILE = YES;
				MARKETING_VERSION = 1.0;
				PRODUCT_BUNDLE_IDENTIFIER = "TRLQ.test-apppppUITests";
				PRODUCT_NAME = "$(TARGET_NAME)";
				SWIFT_EMIT_LOC_STRINGS = NO;
				SWIFT_VERSION = 5.0;
				TARGETED_DEVICE_FAMILY = "1,2";
				TEST_TARGET_NAME = "test appppp";
			};
			name = Debug;
		};
		F97C7A2629AFA566005F0086 /* Release */ = {
			isa = XCBuildConfiguration;
			buildSettings = {
				ALWAYS_EMBED_SWIFT_STANDARD_LIBRARIES = YES;
				CODE_SIGN_STYLE = Automatic;
				CURRENT_PROJECT_VERSION = 1;
				GENERATE_INFOPLIST_FILE = YES;
				MARKETING_VERSION = 1.0;
				PRODUCT_BUNDLE_IDENTIFIER = "TRLQ.test-apppppUITests";
				PRODUCT_NAME = "$(TARGET_NAME)";
				SWIFT_EMIT_LOC_STRINGS = NO;
				SWIFT_VERSION = 5.0;
				TARGETED_DEVICE_FAMILY = "1,2";
				TEST_TARGET_NAME = "test appppp";
			};
			name = Release;
		};
/* End XCBuildConfiguration section */

/* Begin XCConfigurationList section */
		F97C79F529AFA561005F0086 /* Build configuration list for PBXProject "test appppp" */ = {
			isa = XCConfigurationList;
			buildConfigurations = (
				F97C7A1C29AFA566005F0086 /* Debug */,
				F97C7A1D29AFA566005F0086 /* Release */,
			);
			defaultConfigurationIsVisible = 0;
			defaultConfigurationName = Release;
		};
		F97C7A1E29AFA566005F0086 /* Build configuration list for PBXNativeTarget "test appppp" */ = {
			isa = XCConfigurationList;
			buildConfigurations = (
				F97C7A1F29AFA566005F0086 /* Debug */,
				F97C7A2029AFA566005F0086 /* Release */,
			);
			defaultConfigurationIsVisible = 0;
			defaultConfigurationName = Release;
		};
		F97C7A2129AFA566005F0086 /* Build configuration list for PBXNativeTarget "test apppppTests" */ = {
			isa = XCConfigurationList;
			buildConfigurations = (
				F97C7A2229AFA566005F0086 /* Debug */,
				F97C7A2329AFA566005F0086 /* Release */,
			);
			defaultConfigurationIsVisible = 0;
			defaultConfigurationName = Release;
		};
		F97C7A2429AFA566005F0086 /* Build configuration list for PBXNativeTarget "test apppppUITests" */ = {
			isa = XCConfigurationList;
			buildConfigurations = (
				F97C7A2529AFA566005F0086 /* Debug */,
				F97C7A2629AFA566005F0086 /* Release */,
			);
			defaultConfigurationIsVisible = 0;
			defaultConfigurationName = Release;
		};
/* End XCConfigurationList section */
	};
	rootObject = F97C79F229AFA561005F0086 /* Project object */;
}
